
Microsoft Visual Studio Solution File, Format Version 12.00
# Visual Studio Version 17
VisualStudioVersion = 17.14.37614.0 d17.14
MinimumVisualStudioVersion = 10.0.40219.1
Project("{FAE04EC0-301F-11D3-BF4B-00C04F79EFBC}") = "snake_game", "snake_game.csproj", "{3459A7CC-CD5A-4E21-A7CD-6D19F2B312A7}"
EndProject
Global
	GlobalSection(SolutionConfigurationPlatforms) = preSolution
		Debug|Any CPU = Debug|Any CPU
		Release|Any CPU = Release|Any CPU
	EndGlobalSection
	GlobalSection(ProjectConfigurationPlatforms) = postSolution
		{3459A7CC-CD5A-4E21-A7CD-6D19F2B312A7}.Debug|Any CPU.ActiveCfg = Debug|Any CPU
		{3459A7CC-CD5A-4E21-A7CD-6D19F2B312A7}.Debug|Any CPU.Build.0 = Debug|Any CPU
		{3459A7CC-CD5A-4E21-A7CD-6D19F2B312A7}.Release|Any CPU.ActiveCfg = Release|Any CPU
		{3459A7CC-CD5A-4E21-A7CD-6D19F2B312A7}.Release|Any CPU.Build.0 = Release|Any CPU
	EndGlobalSection
	GlobalSection(SolutionProperties) = preSolution
		HideSolutionNode = FALSE
	EndGlobalSection
	GlobalSection(ExtensibilityGlobals) = postSolution
		SolutionGuid = {9D6780D9-9A8B-405A-91C7-F4767D28D4AC}
	EndGlobalSection
EndGlobal
